
Microsoft Visual Studio Solution File, Format Version 12.00
# Visual Studio 15
VisualStudioVersion = 15.0.27004.2005
MinimumVisualStudioVersion = 10.0.40219.1
Project("{9A19103F-16F7-4668-BE54-9A1E7A4F7556}") = "Unity.RegistrationByConvention", "src\Unity.RegistrationByConvention.csproj", "{CDCED728-D0AA-4BFE-B2B6-5D8F4137019D}"
EndProject
Project("{9A19103F-16F7-4668-BE54-9A1E7A4F7556}") = "RegistrationByConvention.Tests", "tests\RegistrationByConvention.Tests.csproj", "{B6FFC487-4C84-451D-B498-EEC9CE327C4B}"
EndProject
Global
	GlobalSection(SolutionConfigurationPlatforms) = preSolution
		Debug|Any CPU = Debug|Any CPU
		Release|Any CPU = Release|Any CPU
	EndGlobalSection
	GlobalSection(ProjectConfigurationPlatforms) = postSolution
		{CDCED728-D0AA-4BFE-B2B6-5D8F4137019D}.Debug|Any CPU.ActiveCfg = Debug|Any CPU
		{CDCED728-D0AA-4BFE-B2B6-5D8F4137019D}.Debug|Any CPU.Build.0 = Debug|Any CPU
		{CDCED728-D0AA-4BFE-B2B6-5D8F4137019D}.Release|Any CPU.ActiveCfg = Release|Any CPU
		{CDCED728-D0AA-4BFE-B2B6-5D8F4137019D}.Release|Any CPU.Build.0 = Release|Any CPU
		{B6FFC487-4C84-451D-B498-EEC9CE327C4B}.Debug|Any CPU.ActiveCfg = Debug|Any CPU
		{B6FFC487-4C84-451D-B498-EEC9CE327C4B}.Debug|Any CPU.Build.0 = Debug|Any CPU
		{B6FFC487-4C84-451D-B498-EEC9CE327C4B}.Release|Any CPU.ActiveCfg = Release|Any CPU
		{B6FFC487-4C84-451D-B498-EEC9CE327C4B}.Release|Any CPU.Build.0 = Release|Any CPU
	EndGlobalSection
	GlobalSection(SolutionProperties) = preSolution
		HideSolutionNode = FALSE
	EndGlobalSection
	GlobalSection(ExtensibilityGlobals) = postSolution
		SolutionGuid = {C1A31BB3-3E0D-4250-948A-5481C15E0EE4}
	EndGlobalSection
EndGlobal
